
Microsoft Visual Studio Solution File, Format Version 12.00
# Visual Studio Version 17
VisualStudioVersion = 17.4.33205.214
MinimumVisualStudioVersion = 10.0.40219.1
Project("{FAE04EC0-301F-11D3-BF4B-00C04F79EFBC}") = "WebApp_OOPConcepts", "WebApp_OOPConcepts\WebApp_OOPConcepts.csproj", "{A1315F0E-8DE4-4FAC-8E03-66958B8DC19A}"
EndProject
Global
	GlobalSection(SolutionConfigurationPlatforms) = preSolution
		Debug|Any CPU = Debug|Any CPU
		Release|Any CPU = Release|Any CPU
	EndGlobalSection
	GlobalSection(ProjectConfigurationPlatforms) = postSolution
		{A1315F0E-8DE4-4FAC-8E03-66958B8DC19A}.Debug|Any CPU.ActiveCfg = Debug|Any CPU
		{A1315F0E-8DE4-4FAC-8E03-66958B8DC19A}.Debug|Any CPU.Build.0 = Debug|Any CPU
		{A1315F0E-8DE4-4FAC-8E03-66958B8DC19A}.Release|Any CPU.ActiveCfg = Release|Any CPU
		{A1315F0E-8DE4-4FAC-8E03-66958B8DC19A}.Release|Any CPU.Build.0 = Release|Any CPU
	EndGlobalSection
	GlobalSection(SolutionProperties) = preSolution
		HideSolutionNode = FALSE
	EndGlobalSection
	GlobalSection(ExtensibilityGlobals) = postSolution
		SolutionGuid = {296ABDD1-29C5-4DAD-B5F7-2156CAF0E7CA}
	EndGlobalSection
EndGlobal
